Microsoft Visual Studio Solution File, Format Version 12.00
# Visual Studio Version 17
VisualStudioVersion = 17.5.2.0
MinimumVisualStudioVersion = 10.0.40219.1
Project("{2150E333-8FDC-42A3-9474-1A3956D46DE8}") = "src", "src", "{827E0CD3-B72D-47B6-A68D-7590B98EB39B}"
EndProject
Project("{2150E333-8FDC-42A3-9474-1A3956D46DE8}") = "tests", "tests", "{0AB3BF05-4346-4AA6-1389-037BE0695223}"
EndProject
Project("{FAE04EC0-301F-11D3-BF4B-00C04F79EFBC}") = "App", "src\App\App.csproj", "{822973F2-7138-B717-465B-BCE1756D40F4}"
EndProject
Project("{FAE04EC0-301F-11D3-BF4B-00C04F79EFBC}") = "LlmOrchestrator", "src\LlmOrchestrator\LlmOrchestrator.csproj", "{BBB0722F-0A2B-6510-22F1-16789322F4C8}"
EndProject
Project("{FAE04EC0-301F-11D3-BF4B-00C04F79EFBC}") = "SwBridge", "src\SwBridge\SwBridge.csproj", "{F24B6364-00DC-6AAB-A380-797E611FB807}"
EndProject
Project("{FAE04EC0-301F-11D3-BF4B-00C04F79EFBC}") = "SwBridge.ManualTest", "tests\SwBridge.ManualTest\SwBridge.ManualTest.csproj", "{17782D6A-8817-E940-89E0-942D23FB36A0}"
EndProject
Project("{FAE04EC0-301F-11D3-BF4B-00C04F79EFBC}") = "SwBridge.Tests", "tests\SwBridge.Tests\SwBridge.Tests.csproj", "{7630FD03-0BEE-6517-0BC5-DB24EBC42A42}"
EndProject
Global
	GlobalSection(SolutionConfigurationPlatforms) = preSolution
		Debug|Any CPU = Debug|Any CPU
		Release|Any CPU = Release|Any CPU
	EndGlobalSection
	GlobalSection(ProjectConfigurationPlatforms) = postSolution
		{822973F2-7138-B717-465B-BCE1756D40F4}.Debug|Any CPU.ActiveCfg = Debug|Any CPU
		{822973F2-7138-B717-465B-BCE1756D40F4}.Debug|Any CPU.Build.0 = Debug|Any CPU
		{822973F2-7138-B717-465B-BCE1756D40F4}.Release|Any CPU.ActiveCfg = Release|Any CPU
		{822973F2-7138-B717-465B-BCE1756D40F4}.Release|Any CPU.Build.0 = Release|Any CPU
		{BBB0722F-0A2B-6510-22F1-16789322F4C8}.Debug|Any CPU.ActiveCfg = Debug|Any CPU
		{BBB0722F-0A2B-6510-22F1-16789322F4C8}.Debug|Any CPU.Build.0 = Debug|Any CPU
		{BBB0722F-0A2B-6510-22F1-16789322F4C8}.Release|Any CPU.ActiveCfg = Release|Any CPU
		{BBB0722F-0A2B-6510-22F1-16789322F4C8}.Release|Any CPU.Build.0 = Release|Any CPU
		{F24B6364-00DC-6AAB-A380-797E611FB807}.Debug|Any CPU.ActiveCfg = Debug|Any CPU
		{F24B6364-00DC-6AAB-A380-797E611FB807}.Debug|Any CPU.Build.0 = Debug|Any CPU
		{F24B6364-00DC-6AAB-A380-797E611FB807}.Release|Any CPU.ActiveCfg = Release|Any CPU
		{F24B6364-00DC-6AAB-A380-797E611FB807}.Release|Any CPU.Build.0 = Release|Any CPU
		{17782D6A-8817-E940-89E0-942D23FB36A0}.Debug|Any CPU.ActiveCfg = Debug|Any CPU
		{17782D6A-8817-E940-89E0-942D23FB36A0}.Debug|Any CPU.Build.0 = Debug|Any CPU
		{17782D6A-8817-E940-89E0-942D23FB36A0}.Release|Any CPU.ActiveCfg = Release|Any CPU
		{17782D6A-8817-E940-89E0-942D23FB36A0}.Release|Any CPU.Build.0 = Release|Any CPU
		{7630FD03-0BEE-6517-0BC5-DB24EBC42A42}.Debug|Any CPU.ActiveCfg = Debug|Any CPU
		{7630FD03-0BEE-6517-0BC5-DB24EBC42A42}.Debug|Any CPU.Build.0 = Debug|Any CPU
		{7630FD03-0BEE-6517-0BC5-DB24EBC42A42}.Release|Any CPU.ActiveCfg = Release|Any CPU
		{7630FD03-0BEE-6517-0BC5-DB24EBC42A42}.Release|Any CPU.Build.0 = Release|Any CPU
	EndGlobalSection
	GlobalSection(SolutionProperties) = preSolution
		HideSolutionNode = FALSE
	EndGlobalSection
	GlobalSection(NestedProjects) = preSolution
		{822973F2-7138-B717-465B-BCE1756D40F4} = {827E0CD3-B72D-47B6-A68D-7590B98EB39B}
		{BBB0722F-0A2B-6510-22F1-16789322F4C8} = {827E0CD3-B72D-47B6-A68D-7590B98EB39B}
		{F24B6364-00DC-6AAB-A380-797E611FB807} = {827E0CD3-B72D-47B6-A68D-7590B98EB39B}
		{17782D6A-8817-E940-89E0-942D23FB36A0} = {0AB3BF05-4346-4AA6-1389-037BE0695223}
		{7630FD03-0BEE-6517-0BC5-DB24EBC42A42} = {0AB3BF05-4346-4AA6-1389-037BE0695223}
	EndGlobalSection
	GlobalSection(ExtensibilityGlobals) = postSolution
		SolutionGuid = {97271D50-5723-4267-A7DA-D934A365D261}
	EndGlobalSection
EndGlobal
